{
  "name": "ms-papi-service",
  "version": "1.0.0",
  "lockfileVersion": 1,
  "requires": true,
  "dependencies": {
    "mongo-dql": {
      "version": "1.0.0",
      "resolved": "https://registry.npmjs.org/mongo-dql/-/mongo-dql-1.0.0.tgz",
      "integrity": "sha1-A5fygjsp7BZa327O0G/XtralDNY="
    }
  }
}
